
Microsoft Visual Studio Solution File, Format Version 12.00
# Visual Studio 15
Project("{FAE04EC0-301F-11D3-BF4B-00C04F79EFBC}") = "UnityEditor.UI", "UnityEditor.UI.csproj", "{B58BDE92-17AE-9B1E-F460-BBC88357E27B}"
EndProject
Project("{FAE04EC0-301F-11D3-BF4B-00C04F79EFBC}") = "UnityEngine.UI", "UnityEngine.UI.csproj", "{DBA627BA-BBF0-56E5-429B-1995CB3F9A71}"
EndProject
Project("{FAE04EC0-301F-11D3-BF4B-00C04F79EFBC}") = "Assembly-CSharp", "Assembly-CSharp.csproj", "{9881C5AC-5C43-96C1-462B-3AEBF2E9C0AD}"
EndProject
Project("{FAE04EC0-301F-11D3-BF4B-00C04F79EFBC}") = "Unity.2D.Sprite.Editor", "Unity.2D.Sprite.Editor.csproj", "{BD43CCBE-EEFB-0CEE-2531-5F2E0C337C7A}"
EndProject
Global
	GlobalSection(SolutionConfigurationPlatforms) = preSolution
		Debug|Any CPU = Debug|Any CPU
		Release|Any CPU = Release|Any CPU
	EndGlobalSection
	GlobalSection(ProjectConfigurationPlatforms) = postSolution
		{B58BDE92-17AE-9B1E-F460-BBC88357E27B}.Debug|Any CPU.ActiveCfg = Debug|Any CPU
		{B58BDE92-17AE-9B1E-F460-BBC88357E27B}.Debug|Any CPU.Build.0 = Debug|Any CPU
		{B58BDE92-17AE-9B1E-F460-BBC88357E27B}.Release|Any CPU.ActiveCfg = Release|Any CPU
		{B58BDE92-17AE-9B1E-F460-BBC88357E27B}.Release|Any CPU.Build.0 = Release|Any CPU
		{DBA627BA-BBF0-56E5-429B-1995CB3F9A71}.Debug|Any CPU.ActiveCfg = Debug|Any CPU
		{DBA627BA-BBF0-56E5-429B-1995CB3F9A71}.Debug|Any CPU.Build.0 = Debug|Any CPU
		{DBA627BA-BBF0-56E5-429B-1995CB3F9A71}.Release|Any CPU.ActiveCfg = Release|Any CPU
		{DBA627BA-BBF0-56E5-429B-1995CB3F9A71}.Release|Any CPU.Build.0 = Release|Any CPU
		{9881C5AC-5C43-96C1-462B-3AEBF2E9C0AD}.Debug|Any CPU.ActiveCfg = Debug|Any CPU
		{9881C5AC-5C43-96C1-462B-3AEBF2E9C0AD}.Debug|Any CPU.Build.0 = Debug|Any CPU
		{9881C5AC-5C43-96C1-462B-3AEBF2E9C0AD}.Release|Any CPU.ActiveCfg = Release|Any CPU
		{9881C5AC-5C43-96C1-462B-3AEBF2E9C0AD}.Release|Any CPU.Build.0 = Release|Any CPU
		{BD43CCBE-EEFB-0CEE-2531-5F2E0C337C7A}.Debug|Any CPU.ActiveCfg = Debug|Any CPU
		{BD43CCBE-EEFB-0CEE-2531-5F2E0C337C7A}.Debug|Any CPU.Build.0 = Debug|Any CPU
		{BD43CCBE-EEFB-0CEE-2531-5F2E0C337C7A}.Release|Any CPU.ActiveCfg = Release|Any CPU
		{BD43CCBE-EEFB-0CEE-2531-5F2E0C337C7A}.Release|Any CPU.Build.0 = Release|Any CPU
	EndGlobalSection
	GlobalSection(SolutionProperties) = preSolution
		HideSolutionNode = FALSE
	EndGlobalSection
EndGlobal
